
Microsoft Visual Studio Solution File, Format Version 12.00
# Visual Studio Version 16
VisualStudioVersion = 16.0.32602.291
MinimumVisualStudioVersion = 10.0.40219.1
Project("{FAE04EC0-301F-11D3-BF4B-00C04F79EFBC}") = "TimeTask", "app12\TimeTask.csproj", "{17D46C96-EDAD-4FAD-9241-22483FE508D0}"
EndProject
Global
	GlobalSection(SolutionConfigurationPlatforms) = preSolution
		Debug|Any CPU = Debug|Any CPU
		Release|Any CPU = Release|Any CPU
	EndGlobalSection
	GlobalSection(ProjectConfigurationPlatforms) = postSolution
		{17D46C96-EDAD-4FAD-9241-22483FE508D0}.Debug|Any CPU.ActiveCfg = Debug|Any CPU
		{17D46C96-EDAD-4FAD-9241-22483FE508D0}.Debug|Any CPU.Build.0 = Debug|Any CPU
		{17D46C96-EDAD-4FAD-9241-22483FE508D0}.Release|Any CPU.ActiveCfg = Release|Any CPU
		{17D46C96-EDAD-4FAD-9241-22483FE508D0}.Release|Any CPU.Build.0 = Release|Any CPU
	EndGlobalSection
	GlobalSection(SolutionProperties) = preSolution
		HideSolutionNode = FALSE
	EndGlobalSection
	GlobalSection(ExtensibilityGlobals) = postSolution
		SolutionGuid = {8436EA07-FA4D-4B49-BF3F-1A09161A0D64}
	EndGlobalSection
EndGlobal
